
Microsoft Visual Studio Solution File, Format Version 12.00
# Visual Studio Version 17
VisualStudioVersion = 17.4.33213.308
MinimumVisualStudioVersion = 10.0.40219.1
Project("{FAE04EC0-301F-11D3-BF4B-00C04F79EFBC}") = "customer", "customer\customer.csproj", "{B3D40A73-2E58-4C12-BA26-16F2D1D1D15C}"
EndProject
Global
	GlobalSection(SolutionConfigurationPlatforms) = preSolution
		Debug|Any CPU = Debug|Any CPU
		Release|Any CPU = Release|Any CPU
	EndGlobalSection
	GlobalSection(ProjectConfigurationPlatforms) = postSolution
		{B3D40A73-2E58-4C12-BA26-16F2D1D1D15C}.Debug|Any CPU.ActiveCfg = Debug|Any CPU
		{B3D40A73-2E58-4C12-BA26-16F2D1D1D15C}.Debug|Any CPU.Build.0 = Debug|Any CPU
		{B3D40A73-2E58-4C12-BA26-16F2D1D1D15C}.Release|Any CPU.ActiveCfg = Release|Any CPU
		{B3D40A73-2E58-4C12-BA26-16F2D1D1D15C}.Release|Any CPU.Build.0 = Release|Any CPU
	EndGlobalSection
	GlobalSection(SolutionProperties) = preSolution
		HideSolutionNode = FALSE
	EndGlobalSection
	GlobalSection(ExtensibilityGlobals) = postSolution
		SolutionGuid = {AF571047-BB91-4922-87FE-AACF50B3154B}
	EndGlobalSection
EndGlobal
